// !$*UTF8*$!
{
	archiveVersion = 1;
	classes = {
	};
	objectVersion = 50;
	objects = {

/* Begin PBXBuildFile section */
		38C72EA9249C33B10053D5FD /* AppDelegate.swift in Sources */ = {isa = PBXBuildFile; fileRef = 38C72EA8249C33B10053D5FD /* AppDelegate.swift */; };
		38C72EAB249C33B10053D5FD /* SceneDelegate.swift in Sources */ = {isa = PBXBuildFile; fileRef = 38C72EAA249C33B10053D5FD /* SceneDelegate.swift */; };
		38C72EB0249C33B10053D5FD /* Main.storyboard in Resources */ = {isa = PBXBuildFile; fileRef = 38C72EAE249C33B10053D5FD /* Main.storyboard */; };
		38C72EB2249C33B20053D5FD /* Assets.xcassets in Resources */ = {isa = PBXBuildFile; fileRef = 38C72EB1249C33B20053D5FD /* Assets.xcassets */; };
		38C72EB5249C33B20053D5FD /* LaunchScreen.storyboard in Resources */ = {isa = PBXBuildFile; fileRef = 38C72EB3249C33B20053D5FD /* LaunchScreen.storyboard */; };
		38C72EBD249C341A0053D5FD /* WunderlistSignInViewController.swift in Sources */ = {isa = PBXBuildFile; fileRef = 38C72EBC249C341A0053D5FD /* WunderlistSignInViewController.swift */; };
		38C72ECA249C3C840053D5FD /* Alegreya-Bold.otf in Resources */ = {isa = PBXBuildFile; fileRef = 38C72EC4249C37010053D5FD /* Alegreya-Bold.otf */; };
		38C72ECB249C3C910053D5FD /* Alegreya-Black.otf in Resources */ = {isa = PBXBuildFile; fileRef = 38C72EC7249C37010053D5FD /* Alegreya-Black.otf */; };
		38C72ECC249C3C960053D5FD /* Alegreya-BlackItalic.otf in Resources */ = {isa = PBXBuildFile; fileRef = 38C72EC8249C37010053D5FD /* Alegreya-BlackItalic.otf */; };
		38C72ECD249C3C9B0053D5FD /* Alegreya-BoldItalic.otf in Resources */ = {isa = PBXBuildFile; fileRef = 38C72EC1249C37010053D5FD /* Alegreya-BoldItalic.otf */; };
		38C72ECE249C3C9F0053D5FD /* Alegreya-Italic.otf in Resources */ = {isa = PBXBuildFile; fileRef = 38C72EC5249C37010053D5FD /* Alegreya-Italic.otf */; };
		38C72ECF249C3CA50053D5FD /* Alegreya-Regular.otf in Resources */ = {isa = PBXBuildFile; fileRef = 38C72EC2249C37010053D5FD /* Alegreya-Regular.otf */; };
		38C72ED0249C3CAC0053D5FD /* AlegreyaSC-BlackItalic.otf in Resources */ = {isa = PBXBuildFile; fileRef = 38C72EC3249C37010053D5FD /* AlegreyaSC-BlackItalic.otf */; };
		38C72ED1249C3CB10053D5FD /* AlegreyaSC-Black.otf in Resources */ = {isa = PBXBuildFile; fileRef = 38C72EC6249C37010053D5FD /* AlegreyaSC-Black.otf */; };
		38C72ED2249C3CBD0053D5FD /* AlegreyaSC-Bold.otf in Resources */ = {isa = PBXBuildFile; fileRef = 38C72EC9249C37010053D5FD /* AlegreyaSC-Bold.otf */; };
		38C72ED3249C3CC10053D5FD /* AlegreyaSC-BoldItalic.otf in Resources */ = {isa = PBXBuildFile; fileRef = 38C72EBE249C37000053D5FD /* AlegreyaSC-BoldItalic.otf */; };
		38C72ED4249C3CC40053D5FD /* AlegreyaSC-Italic.otf in Resources */ = {isa = PBXBuildFile; fileRef = 38C72EBF249C37010053D5FD /* AlegreyaSC-Italic.otf */; };
		38C72ED5249C3CC70053D5FD /* AlegreyaSC-Regular.otf in Resources */ = {isa = PBXBuildFile; fileRef = 38C72EC0249C37010053D5FD /* AlegreyaSC-Regular.otf */; };
/* End PBXBuildFile section */

/* Begin PBXFileReference section */
		38C72EA5249C33B10053D5FD /* Wunderlist2.app */ = {isa = PBXFileReference; explicitFileType = wrapper.application; includeInIndex = 0; path = Wunderlist2.app; sourceTree = BUILT_PRODUCTS_DIR; };
		38C72EA8249C33B10053D5FD /* AppDelegate.swift */ = {isa = PBXFileReference; lastKnownFileType = sourcecode.swift; path = AppDelegate.swift; sourceTree = "<group>"; };
		38C72EAA249C33B10053D5FD /* SceneDelegate.swift */ = {isa = PBXFileReference; lastKnownFileType = sourcecode.swift; path = SceneDelegate.swift; sourceTree = "<group>"; };
		38C72EAF249C33B10053D5FD /* Base */ = {isa = PBXFileReference; lastKnownFileType = file.storyboard; name = Base; path = Base.lproj/Main.storyboard; sourceTree = "<group>"; };
		38C72EB1249C33B20053D5FD /* Assets.xcassets */ = {isa = PBXFileReference; lastKnownFileType = folder.assetcatalog; path = Assets.xcassets; sourceTree = "<group>"; };
		38C72EB4249C33B20053D5FD /* Base */ = {isa = PBXFileReference; lastKnownFileType = file.storyboard; name = Base; path = Base.lproj/LaunchScreen.storyboard; sourceTree = "<group>"; };
		38C72EB6249C33B20053D5FD /* Info.plist */ = {isa = PBXFileReference; lastKnownFileType = text.plist.xml; path = Info.plist; sourceTree = "<group>"; };
		38C72EBC249C341A0053D5FD /* WunderlistSignInViewController.swift */ = {isa = PBXFileReference; lastKnownFileType = sourcecode.swift; path = WunderlistSignInViewController.swift; sourceTree = "<group>"; };
		38C72EBE249C37000053D5FD /* AlegreyaSC-BoldItalic.otf */ = {isa = PBXFileReference; lastKnownFileType = file; path = "AlegreyaSC-BoldItalic.otf"; sourceTree = "<group>"; };
		38C72EBF249C37010053D5FD /* AlegreyaSC-Italic.otf */ = {isa = PBXFileReference; lastKnownFileType = file; path = "AlegreyaSC-Italic.otf"; sourceTree = "<group>"; };
		38C72EC0249C37010053D5FD /* AlegreyaSC-Regular.otf */ = {isa = PBXFileReference; lastKnownFileType = file; path = "AlegreyaSC-Regular.otf"; sourceTree = "<group>"; };
		38C72EC1249C37010053D5FD /* Alegreya-BoldItalic.otf */ = {isa = PBXFileReference; lastKnownFileType = file; path = "Alegreya-BoldItalic.otf"; sourceTree = "<group>"; };
		38C72EC2249C37010053D5FD /* Alegreya-Regular.otf */ = {isa = PBXFileReference; lastKnownFileType = file; path = "Alegreya-Regular.otf"; sourceTree = "<group>"; };
		38C72EC3249C37010053D5FD /* AlegreyaSC-BlackItalic.otf */ = {isa = PBXFileReference; lastKnownFileType = file; path = "AlegreyaSC-BlackItalic.otf"; sourceTree = "<group>"; };
		38C72EC4249C37010053D5FD /* Alegreya-Bold.otf */ = {isa = PBXFileReference; lastKnownFileType = file; path = "Alegreya-Bold.otf"; sourceTree = "<group>"; };
		38C72EC5249C37010053D5FD /* Alegreya-Italic.otf */ = {isa = PBXFileReference; lastKnownFileType = file; path = "Alegreya-Italic.otf"; sourceTree = "<group>"; };
		38C72EC6249C37010053D5FD /* AlegreyaSC-Black.otf */ = {isa = PBXFileReference; lastKnownFileType = file; path = "AlegreyaSC-Black.otf"; sourceTree = "<group>"; };
		38C72EC7249C37010053D5FD /* Alegreya-Black.otf */ = {isa = PBXFileReference; lastKnownFileType = file; path = "Alegreya-Black.otf"; sourceTree = "<group>"; };
		38C72EC8249C37010053D5FD /* Alegreya-BlackItalic.otf */ = {isa = PBXFileReference; lastKnownFileType = file; path = "Alegreya-BlackItalic.otf"; sourceTree = "<group>"; };
		38C72EC9249C37010053D5FD /* AlegreyaSC-Bold.otf */ = {isa = PBXFileReference; lastKnownFileType = file; path = "AlegreyaSC-Bold.otf"; sourceTree = "<group>"; };
/* End PBXFileReference section */

/* Begin PBXFrameworksBuildPhase section */
		38C72EA2249C33B10053D5FD /* Frameworks */ = {
			isa = PBXFrameworksBuildPhase;
			buildActionMask = 2147483647;
			files = (
			);
			runOnlyForDeploymentPostprocessing = 0;
		};
/* End PBXFrameworksBuildPhase section */

/* Begin PBXGroup section */
		38C72E9C249C33B10053D5FD = {
			isa = PBXGroup;
			children = (
				38C72EA7249C33B10053D5FD /* Wunderlist2 */,
				38C72EA6249C33B10053D5FD /* Products */,
				38C72ED6249C3DBA0053D5FD /* Alegreya Font */,
			);
			sourceTree = "<group>";
		};
		38C72EA6249C33B10053D5FD /* Products */ = {
			isa = PBXGroup;
			children = (
				38C72EA5249C33B10053D5FD /* Wunderlist2.app */,
			);
			name = Products;
			sourceTree = "<group>";
		};
		38C72EA7249C33B10053D5FD /* Wunderlist2 */ = {
			isa = PBXGroup;
			children = (
				38C72EA8249C33B10053D5FD /* AppDelegate.swift */,
				38C72EAA249C33B10053D5FD /* SceneDelegate.swift */,
				38C72EAE249C33B10053D5FD /* Main.storyboard */,
				38C72EB1249C33B20053D5FD /* Assets.xcassets */,
				38C72EB3249C33B20053D5FD /* LaunchScreen.storyboard */,
				38C72EB6249C33B20053D5FD /* Info.plist */,
				38C72ED7249C3DEC0053D5FD /* View Controllers */,
			);
			path = Wunderlist2;
			sourceTree = "<group>";
		};
		38C72ED6249C3DBA0053D5FD /* Alegreya Font */ = {
			isa = PBXGroup;
			children = (
				38C72EC7249C37010053D5FD /* Alegreya-Black.otf */,
				38C72EC8249C37010053D5FD /* Alegreya-BlackItalic.otf */,
				38C72EC4249C37010053D5FD /* Alegreya-Bold.otf */,
				38C72EC1249C37010053D5FD /* Alegreya-BoldItalic.otf */,
				38C72EC5249C37010053D5FD /* Alegreya-Italic.otf */,
				38C72EC2249C37010053D5FD /* Alegreya-Regular.otf */,
				38C72EC6249C37010053D5FD /* AlegreyaSC-Black.otf */,
				38C72EC3249C37010053D5FD /* AlegreyaSC-BlackItalic.otf */,
				38C72EC9249C37010053D5FD /* AlegreyaSC-Bold.otf */,
				38C72EBE249C37000053D5FD /* AlegreyaSC-BoldItalic.otf */,
				38C72EBF249C37010053D5FD /* AlegreyaSC-Italic.otf */,
				38C72EC0249C37010053D5FD /* AlegreyaSC-Regular.otf */,
			);
			path = "Alegreya Font";
			sourceTree = "<group>";
		};
		38C72ED7249C3DEC0053D5FD /* View Controllers */ = {
			isa = PBXGroup;
			children = (
				38C72EBC249C341A0053D5FD /* WunderlistSignInViewController.swift */,
			);
			path = "View Controllers";
			sourceTree = "<group>";
		};
/* End PBXGroup section */

/* Begin PBXNativeTarget section */
		38C72EA4249C33B10053D5FD /* Wunderlist2 */ = {
			isa = PBXNativeTarget;
			buildConfigurationList = 38C72EB9249C33B20053D5FD /* Build configuration list for PBXNativeTarget "Wunderlist2" */;
			buildPhases = (
				38C72EA1249C33B10053D5FD /* Sources */,
				38C72EA2249C33B10053D5FD /* Frameworks */,
				38C72EA3249C33B10053D5FD /* Resources */,
			);
			buildRules = (
			);
			dependencies = (
			);
			name = Wunderlist2;
			productName = Wunderlist2;
			productReference = 38C72EA5249C33B10053D5FD /* Wunderlist2.app */;
			productType = "com.apple.product-type.application";
		};
/* End PBXNativeTarget section */

/* Begin PBXProject section */
		38C72E9D249C33B10053D5FD /* Project object */ = {
			isa = PBXProject;
			attributes = {
				LastSwiftUpdateCheck = 1140;
				LastUpgradeCheck = 1140;
				ORGANIZATIONNAME = "david williams";
				TargetAttributes = {
					38C72EA4249C33B10053D5FD = {
						CreatedOnToolsVersion = 11.4.1;
					};
				};
			};
			buildConfigurationList = 38C72EA0249C33B10053D5FD /* Build configuration list for PBXProject "Wunderlist2" */;
			compatibilityVersion = "Xcode 9.3";
			developmentRegion = en;
			hasScannedForEncodings = 0;
			knownRegions = (
				en,
				Base,
			);
			mainGroup = 38C72E9C249C33B10053D5FD;
			productRefGroup = 38C72EA6249C33B10053D5FD /* Products */;
			projectDirPath = "";
			projectRoot = "";
			targets = (
				38C72EA4249C33B10053D5FD /* Wunderlist2 */,
			);
		};
/* End PBXProject section */

/* Begin PBXResourcesBuildPhase section */
		38C72EA3249C33B10053D5FD /* Resources */ = {
			isa = PBXResourcesBuildPhase;
			buildActionMask = 2147483647;
			files = (
				38C72ECA249C3C840053D5FD /* Alegreya-Bold.otf in Resources */,
				38C72ECF249C3CA50053D5FD /* Alegreya-Regular.otf in Resources */,
				38C72EB5249C33B20053D5FD /* LaunchScreen.storyboard in Resources */,
				38C72ED1249C3CB10053D5FD /* AlegreyaSC-Black.otf in Resources */,
				38C72ED3249C3CC10053D5FD /* AlegreyaSC-BoldItalic.otf in Resources */,
				38C72ECB249C3C910053D5FD /* Alegreya-Black.otf in Resources */,
				38C72ECC249C3C960053D5FD /* Alegreya-BlackItalic.otf in Resources */,
				38C72ED4249C3CC40053D5FD /* AlegreyaSC-Italic.otf in Resources */,
				38C72EB2249C33B20053D5FD /* Assets.xcassets in Resources */,
				38C72ED5249C3CC70053D5FD /* AlegreyaSC-Regular.otf in Resources */,
				38C72EB0249C33B10053D5FD /* Main.storyboard in Resources */,
				38C72ED2249C3CBD0053D5FD /* AlegreyaSC-Bold.otf in Resources */,
				38C72ECD249C3C9B0053D5FD /* Alegreya-BoldItalic.otf in Resources */,
				38C72ECE249C3C9F0053D5FD /* Alegreya-Italic.otf in Resources */,
				38C72ED0249C3CAC0053D5FD /* AlegreyaSC-BlackItalic.otf in Resources */,
			);
			runOnlyForDeploymentPostprocessing = 0;
		};
/* End PBXResourcesBuildPhase section */

/* Begin PBXSourcesBuildPhase section */
		38C72EA1249C33B10053D5FD /* Sources */ = {
			isa = PBXSourcesBuildPhase;
			buildActionMask = 2147483647;
			files = (
				38C72EA9249C33B10053D5FD /* AppDelegate.swift in Sources */,
				38C72EAB249C33B10053D5FD /* SceneDelegate.swift in Sources */,
				38C72EBD249C341A0053D5FD /* WunderlistSignInViewController.swift in Sources */,
			);
			runOnlyForDeploymentPostprocessing = 0;
		};
/* End PBXSourcesBuildPhase section */

/* Begin PBXVariantGroup section */
		38C72EAE249C33B10053D5FD /* Main.storyboard */ = {
			isa = PBXVariantGroup;
			children = (
				38C72EAF249C33B10053D5FD /* Base */,
			);
			name = Main.storyboard;
			sourceTree = "<group>";
		};
		38C72EB3249C33B20053D5FD /* LaunchScreen.storyboard */ = {
			isa = PBXVariantGroup;
			children = (
				38C72EB4249C33B20053D5FD /* Base */,
			);
			name = LaunchScreen.storyboard;
			sourceTree = "<group>";
		};
/* End PBXVariantGroup section */

/* Begin XCBuildConfiguration section */
		38C72EB7249C33B20053D5FD /* Debug */ = {
			isa = XCBuildConfiguration;
			buildSettings = {
				ALWAYS_SEARCH_USER_PATHS = NO;
				CLANG_ANALYZER_NONNULL = YES;
				CLANG_ANALYZER_NUMBER_OBJECT_CONVERSION = YES_AGGRESSIVE;
				CLANG_CXX_LANGUAGE_STANDARD = "gnu++14";
				CLANG_CXX_LIBRARY = "libc++";
				CLANG_ENABLE_MODULES = YES;
				CLANG_ENABLE_OBJC_ARC = YES;
				CLANG_ENABLE_OBJC_WEAK = YES;
				CLANG_WARN_BLOCK_CAPTURE_AUTORELEASING = YES;
				CLANG_WARN_BOOL_CONVERSION = YES;
				CLANG_WARN_COMMA = YES;
				CLANG_WARN_CONSTANT_CONVERSION = YES;
				CLANG_WARN_DEPRECATED_OBJC_IMPLEMENTATIONS = YES;
				CLANG_WARN_DIRECT_OBJC_ISA_USAGE = YES_ERROR;
				CLANG_WARN_DOCUMENTATION_COMMENTS = YES;
				CLANG_WARN_EMPTY_BODY = YES;
				CLANG_WARN_ENUM_CONVERSION = YES;
				CLANG_WARN_INFINITE_RECURSION = YES;
				CLANG_WARN_INT_CONVERSION = YES;
				CLANG_WARN_NON_LITERAL_NULL_CONVERSION = YES;
				CLANG_WARN_OBJC_IMPLICIT_RETAIN_SELF = YES;
				CLANG_WARN_OBJC_LITERAL_CONVERSION = YES;
				CLANG_WARN_OBJC_ROOT_CLASS = YES_ERROR;
				CLANG_WARN_RANGE_LOOP_ANALYSIS = YES;
				CLANG_WARN_STRICT_PROTOTYPES = YES;
				CLANG_WARN_SUSPICIOUS_MOVE = YES;
				CLANG_WARN_UNGUARDED_AVAILABILITY = YES_AGGRESSIVE;
				CLANG_WARN_UNREACHABLE_CODE = YES;
				CLANG_WARN__DUPLICATE_METHOD_MATCH = YES;
				COPY_PHASE_STRIP = NO;
				DEBUG_INFORMATION_FORMAT = dwarf;
				ENABLE_STRICT_OBJC_MSGSEND = YES;
				ENABLE_TESTABILITY = YES;
				GCC_C_LANGUAGE_STANDARD = gnu11;
				GCC_DYNAMIC_NO_PIC = NO;
				GCC_NO_COMMON_BLOCKS = YES;
				GCC_OPTIMIZATION_LEVEL = 0;
				GCC_PREPROCESSOR_DEFINITIONS = (
					"DEBUG=1",
					"$(inherited)",
				);
				GCC_WARN_64_TO_32_BIT_CONVERSION = YES;
				GCC_WARN_ABOUT_RETURN_TYPE = YES_ERROR;
				GCC_WARN_UNDECLARED_SELECTOR = YES;
				GCC_WARN_UNINITIALIZED_AUTOS = YES_AGGRESSIVE;
				GCC_WARN_UNUSED_FUNCTION = YES;
				GCC_WARN_UNUSED_VARIABLE = YES;
				IPHONEOS_DEPLOYMENT_TARGET = 13.4;
				MTL_ENABLE_DEBUG_INFO = INCLUDE_SOURCE;
				MTL_FAST_MATH = YES;
				ONLY_ACTIVE_ARCH = YES;
				SDKROOT = iphoneos;
				SWIFT_ACTIVE_COMPILATION_CONDITIONS = DEBUG;
				SWIFT_OPTIMIZATION_LEVEL = "-Onone";
			};
			name = Debug;
		};
		38C72EB8249C33B20053D5FD /* Release */ = {
			isa = XCBuildConfiguration;
			buildSettings = {
				ALWAYS_SEARCH_USER_PATHS = NO;
				CLANG_ANALYZER_NONNULL = YES;
				CLANG_ANALYZER_NUMBER_OBJECT_CONVERSION = YES_AGGRESSIVE;
				CLANG_CXX_LANGUAGE_STANDARD = "gnu++14";
				CLANG_CXX_LIBRARY = "libc++";
				CLANG_ENABLE_MODULES = YES;
				CLANG_ENABLE_OBJC_ARC = YES;
				CLANG_ENABLE_OBJC_WEAK = YES;
				CLANG_WARN_BLOCK_CAPTURE_AUTORELEASING = YES;
				CLANG_WARN_BOOL_CONVERSION = YES;
				CLANG_WARN_COMMA = YES;
				CLANG_WARN_CONSTANT_CONVERSION = YES;
				CLANG_WARN_DEPRECATED_OBJC_IMPLEMENTATIONS = YES;
				CLANG_WARN_DIRECT_OBJC_ISA_USAGE = YES_ERROR;
				CLANG_WARN_DOCUMENTATION_COMMENTS = YES;
				CLANG_WARN_EMPTY_BODY = YES;
				CLANG_WARN_ENUM_CONVERSION = YES;
				CLANG_WARN_INFINITE_RECURSION = YES;
				CLANG_WARN_INT_CONVERSION = YES;
				CLANG_WARN_NON_LITERAL_NULL_CONVERSION = YES;
				CLANG_WARN_OBJC_IMPLICIT_RETAIN_SELF = YES;
				CLANG_WARN_OBJC_LITERAL_CONVERSION = YES;
				CLANG_WARN_OBJC_ROOT_CLASS = YES_ERROR;
				CLANG_WARN_RANGE_LOOP_ANALYSIS = YES;
				CLANG_WARN_STRICT_PROTOTYPES = YES;
				CLANG_WARN_SUSPICIOUS_MOVE = YES;
				CLANG_WARN_UNGUARDED_AVAILABILITY = YES_AGGRESSIVE;
				CLANG_WARN_UNREACHABLE_CODE = YES;
				CLANG_WARN__DUPLICATE_METHOD_MATCH = YES;
				COPY_PHASE_STRIP = NO;
				DEBUG_INFORMATION_FORMAT = "dwarf-with-dsym";
				ENABLE_NS_ASSERTIONS = NO;
				ENABLE_STRICT_OBJC_MSGSEND = YES;
				GCC_C_LANGUAGE_STANDARD = gnu11;
				GCC_NO_COMMON_BLOCKS = YES;
				GCC_WARN_64_TO_32_BIT_CONVERSION = YES;
				GCC_WARN_ABOUT_RETURN_TYPE = YES_ERROR;
				GCC_WARN_UNDECLARED_SELECTOR = YES;
				GCC_WARN_UNINITIALIZED_AUTOS = YES_AGGRESSIVE;
				GCC_WARN_UNUSED_FUNCTION = YES;
				GCC_WARN_UNUSED_VARIABLE = YES;
				IPHONEOS_DEPLOYMENT_TARGET = 13.4;
				MTL_ENABLE_DEBUG_INFO = NO;
				MTL_FAST_MATH = YES;
				SDKROOT = iphoneos;
				SWIFT_COMPILATION_MODE = wholemodule;
				SWIFT_OPTIMIZATION_LEVEL = "-O";
				VALIDATE_PRODUCT = YES;
			};
			name = Release;
		};
		38C72EBA249C33B20053D5FD /* Debug */ = {
			isa = XCBuildConfiguration;
			buildSettings = {
				ASSETCATALOG_COMPILER_APPICON_NAME = AppIcon;
				CODE_SIGN_STYLE = Automatic;
				DEVELOPMENT_TEAM = 88FS6F8B93;
				INFOPLIST_FILE = Wunderlist2/Info.plist;
				LD_RUNPATH_SEARCH_PATHS = (
					"$(inherited)",
					"@executable_path/Frameworks",
				);
				PRODUCT_BUNDLE_IDENTIFIER = com.davidWilliams.Wunderlist2;
				PRODUCT_NAME = "$(TARGET_NAME)";
				SWIFT_VERSION = 5.0;
				TARGETED_DEVICE_FAMILY = "1,2";
			};
			name = Debug;
		};
		38C72EBB249C33B20053D5FD /* Release */ = {
			isa = XCBuildConfiguration;
			buildSettings = {
				ASSETCATALOG_COMPILER_APPICON_NAME = AppIcon;
				CODE_SIGN_STYLE = Automatic;
				DEVELOPMENT_TEAM = 88FS6F8B93;
				INFOPLIST_FILE = Wunderlist2/Info.plist;
				LD_RUNPATH_SEARCH_PATHS = (
					"$(inherited)",
					"@executable_path/Frameworks",
				);
				PRODUCT_BUNDLE_IDENTIFIER = com.davidWilliams.Wunderlist2;
				PRODUCT_NAME = "$(TARGET_NAME)";
				SWIFT_VERSION = 5.0;
				TARGETED_DEVICE_FAMILY = "1,2";
			};
			name = Release;
		};
/* End XCBuildConfiguration section */

/* Begin XCConfigurationList section */
		38C72EA0249C33B10053D5FD /* Build configuration list for PBXProject "Wunderlist2" */ = {
			isa = XCConfigurationList;
			buildConfigurations = (
				38C72EB7249C33B20053D5FD /* Debug */,
				38C72EB8249C33B20053D5FD /* Release */,
			);
			defaultConfigurationIsVisible = 0;
			defaultConfigurationName = Release;
		};
		38C72EB9249C33B20053D5FD /* Build configuration list for PBXNativeTarget "Wunderlist2" */ = {
			isa = XCConfigurationList;
			buildConfigurations = (
				38C72EBA249C33B20053D5FD /* Debug */,
				38C72EBB249C33B20053D5FD /* Release */,
			);
			defaultConfigurationIsVisible = 0;
			defaultConfigurationName = Release;
		};
/* End XCConfigurationList section */
	};
	rootObject = 38C72E9D249C33B10053D5FD /* Project object */;
}
